{
  "requires": true,
  "lockfileVersion": 1,
  "dependencies": {
    "output-static-mime": {
      "version": "1.0.1",
      "resolved": "https://registry.npmjs.org/output-static-mime/-/output-static-mime-1.0.1.tgz",
      "integrity": "sha512-j2PSDxR/SzfWte0J8gLVsUXS/pI5GcRXqbI1vnOxltFFN9FqTai/ZPfPdwo/V9RMbiiBuK22l/pQ/Vn258p5oQ=="
    },
    "output-view": {
      "version": "1.0.5",
      "resolved": "https://registry.npmjs.org/output-view/-/output-view-1.0.5.tgz",
      "integrity": "sha512-TXUzjFpNieepPOLa6pMAPR7ph7PEtG+SasB5UvcXsoXdiYXm7uItc98JcR3QtK178Tjog2d/A11KPlFbFuhaKA=="
    }
  }
}
